
Microsoft Visual Studio Solution File, Format Version 12.00
Project("{FAE04EC0-301F-11D3-BF4B-00C04F79EFBC}") = "Nauka C sharp", "Nauka C sharp\Nauka C sharp.csproj", "{9885DF2D-790E-4E5C-AF08-D85E5E8BE507}"
EndProject
Project("{FAE04EC0-301F-11D3-BF4B-00C04F79EFBC}") = "Lekcja 2 cosnt", "Lekcja 2 cosnt\Lekcja 2 cosnt.csproj", "{618B2D43-9519-4634-8AC5-13BF242CEF9E}"
EndProject
Project("{FAE04EC0-301F-11D3-BF4B-00C04F79EFBC}") = "TypeCasting", "TypeCasting\TypeCasting.csproj", "{BC930889-D7D0-4DB1-A42D-8818214EF822}"
EndProject
Project("{FAE04EC0-301F-11D3-BF4B-00C04F79EFBC}") = "UserInput", "UserInput\UserInput.csproj", "{256D7F03-503B-4F01-8D6F-1369285EF759}"
EndProject
Project("{FAE04EC0-301F-11D3-BF4B-00C04F79EFBC}") = "RandomNumbers", "RandomNumbers\RandomNumbers.csproj", "{4075BFD8-74D7-4320-B5CA-2502271FE8EA}"
EndProject
Project("{FAE04EC0-301F-11D3-BF4B-00C04F79EFBC}") = "CypotenuseCalc", "CypotenuseCalc\CypotenuseCalc.csproj", "{E1279DC9-AFFF-4C56-98BF-2604249FEC96}"
EndProject
Project("{FAE04EC0-301F-11D3-BF4B-00C04F79EFBC}") = "StringMethods", "StringMethods\StringMethods.csproj", "{CF565F13-CDE2-4191-9F1E-DB92878729CA}"
EndProject
Project("{FAE04EC0-301F-11D3-BF4B-00C04F79EFBC}") = "IfStatements", "IfStatements\IfStatements.csproj", "{E77C837F-583B-4A1D-926D-C6321250FA49}"
EndProject
Global
	GlobalSection(SolutionConfigurationPlatforms) = preSolution
		Debug|Any CPU = Debug|Any CPU
		Release|Any CPU = Release|Any CPU
	EndGlobalSection
	GlobalSection(ProjectConfigurationPlatforms) = postSolution
		{9885DF2D-790E-4E5C-AF08-D85E5E8BE507}.Debug|Any CPU.ActiveCfg = Debug|Any CPU
		{9885DF2D-790E-4E5C-AF08-D85E5E8BE507}.Debug|Any CPU.Build.0 = Debug|Any CPU
		{9885DF2D-790E-4E5C-AF08-D85E5E8BE507}.Release|Any CPU.ActiveCfg = Release|Any CPU
		{9885DF2D-790E-4E5C-AF08-D85E5E8BE507}.Release|Any CPU.Build.0 = Release|Any CPU
		{618B2D43-9519-4634-8AC5-13BF242CEF9E}.Debug|Any CPU.ActiveCfg = Debug|Any CPU
		{618B2D43-9519-4634-8AC5-13BF242CEF9E}.Debug|Any CPU.Build.0 = Debug|Any CPU
		{618B2D43-9519-4634-8AC5-13BF242CEF9E}.Release|Any CPU.ActiveCfg = Release|Any CPU
		{618B2D43-9519-4634-8AC5-13BF242CEF9E}.Release|Any CPU.Build.0 = Release|Any CPU
		{BC930889-D7D0-4DB1-A42D-8818214EF822}.Debug|Any CPU.ActiveCfg = Debug|Any CPU
		{BC930889-D7D0-4DB1-A42D-8818214EF822}.Debug|Any CPU.Build.0 = Debug|Any CPU
		{BC930889-D7D0-4DB1-A42D-8818214EF822}.Release|Any CPU.ActiveCfg = Release|Any CPU
		{BC930889-D7D0-4DB1-A42D-8818214EF822}.Release|Any CPU.Build.0 = Release|Any CPU
		{256D7F03-503B-4F01-8D6F-1369285EF759}.Debug|Any CPU.ActiveCfg = Debug|Any CPU
		{256D7F03-503B-4F01-8D6F-1369285EF759}.Debug|Any CPU.Build.0 = Debug|Any CPU
		{256D7F03-503B-4F01-8D6F-1369285EF759}.Release|Any CPU.ActiveCfg = Release|Any CPU
		{256D7F03-503B-4F01-8D6F-1369285EF759}.Release|Any CPU.Build.0 = Release|Any CPU
		{4075BFD8-74D7-4320-B5CA-2502271FE8EA}.Debug|Any CPU.ActiveCfg = Debug|Any CPU
		{4075BFD8-74D7-4320-B5CA-2502271FE8EA}.Debug|Any CPU.Build.0 = Debug|Any CPU
		{4075BFD8-74D7-4320-B5CA-2502271FE8EA}.Release|Any CPU.ActiveCfg = Release|Any CPU
		{4075BFD8-74D7-4320-B5CA-2502271FE8EA}.Release|Any CPU.Build.0 = Release|Any CPU
		{E1279DC9-AFFF-4C56-98BF-2604249FEC96}.Debug|Any CPU.ActiveCfg = Debug|Any CPU
		{E1279DC9-AFFF-4C56-98BF-2604249FEC96}.Debug|Any CPU.Build.0 = Debug|Any CPU
		{E1279DC9-AFFF-4C56-98BF-2604249FEC96}.Release|Any CPU.ActiveCfg = Release|Any CPU
		{E1279DC9-AFFF-4C56-98BF-2604249FEC96}.Release|Any CPU.Build.0 = Release|Any CPU
		{CF565F13-CDE2-4191-9F1E-DB92878729CA}.Debug|Any CPU.ActiveCfg = Debug|Any CPU
		{CF565F13-CDE2-4191-9F1E-DB92878729CA}.Debug|Any CPU.Build.0 = Debug|Any CPU
		{CF565F13-CDE2-4191-9F1E-DB92878729CA}.Release|Any CPU.ActiveCfg = Release|Any CPU
		{CF565F13-CDE2-4191-9F1E-DB92878729CA}.Release|Any CPU.Build.0 = Release|Any CPU
		{E77C837F-583B-4A1D-926D-C6321250FA49}.Debug|Any CPU.ActiveCfg = Debug|Any CPU
		{E77C837F-583B-4A1D-926D-C6321250FA49}.Debug|Any CPU.Build.0 = Debug|Any CPU
		{E77C837F-583B-4A1D-926D-C6321250FA49}.Release|Any CPU.ActiveCfg = Release|Any CPU
		{E77C837F-583B-4A1D-926D-C6321250FA49}.Release|Any CPU.Build.0 = Release|Any CPU
	EndGlobalSection
EndGlobal
