
Microsoft Visual Studio Solution File, Format Version 12.00
Project("{FAE04EC0-301F-11D3-BF4B-00C04F79EFBC}") = "Nauka C sharp", "Nauka C sharp\Nauka C sharp.csproj", "{9885DF2D-790E-4E5C-AF08-D85E5E8BE507}"
EndProject
Project("{FAE04EC0-301F-11D3-BF4B-00C04F79EFBC}") = "Lekcja 2 cosnt", "Lekcja 2 cosnt\Lekcja 2 cosnt.csproj", "{618B2D43-9519-4634-8AC5-13BF242CEF9E}"
EndProject
Project("{FAE04EC0-301F-11D3-BF4B-00C04F79EFBC}") = "TypeCasting", "TypeCasting\TypeCasting.csproj", "{BC930889-D7D0-4DB1-A42D-8818214EF822}"
EndProject
Global
	GlobalSection(SolutionConfigurationPlatforms) = preSolution
		Debug|Any CPU = Debug|Any CPU
		Release|Any CPU = Release|Any CPU
	EndGlobalSection
	GlobalSection(ProjectConfigurationPlatforms) = postSolution
		{9885DF2D-790E-4E5C-AF08-D85E5E8BE507}.Debug|Any CPU.ActiveCfg = Debug|Any CPU
		{9885DF2D-790E-4E5C-AF08-D85E5E8BE507}.Debug|Any CPU.Build.0 = Debug|Any CPU
		{9885DF2D-790E-4E5C-AF08-D85E5E8BE507}.Release|Any CPU.ActiveCfg = Release|Any CPU
		{9885DF2D-790E-4E5C-AF08-D85E5E8BE507}.Release|Any CPU.Build.0 = Release|Any CPU
		{618B2D43-9519-4634-8AC5-13BF242CEF9E}.Debug|Any CPU.ActiveCfg = Debug|Any CPU
		{618B2D43-9519-4634-8AC5-13BF242CEF9E}.Debug|Any CPU.Build.0 = Debug|Any CPU
		{618B2D43-9519-4634-8AC5-13BF242CEF9E}.Release|Any CPU.ActiveCfg = Release|Any CPU
		{618B2D43-9519-4634-8AC5-13BF242CEF9E}.Release|Any CPU.Build.0 = Release|Any CPU
		{BC930889-D7D0-4DB1-A42D-8818214EF822}.Debug|Any CPU.ActiveCfg = Debug|Any CPU
		{BC930889-D7D0-4DB1-A42D-8818214EF822}.Debug|Any CPU.Build.0 = Debug|Any CPU
		{BC930889-D7D0-4DB1-A42D-8818214EF822}.Release|Any CPU.ActiveCfg = Release|Any CPU
		{BC930889-D7D0-4DB1-A42D-8818214EF822}.Release|Any CPU.Build.0 = Release|Any CPU
	EndGlobalSection
EndGlobal
