
Microsoft Visual Studio Solution File, Format Version 12.00
Project("{FAE04EC0-301F-11D3-BF4B-00C04F79EFBC}") = "Nauka C sharp", "Nauka C sharp\Nauka C sharp.csproj", "{9885DF2D-790E-4E5C-AF08-D85E5E8BE507}"
EndProject
Project("{FAE04EC0-301F-11D3-BF4B-00C04F79EFBC}") = "Lekcja 2 cosnt", "Lekcja 2 cosnt\Lekcja 2 cosnt.csproj", "{618B2D43-9519-4634-8AC5-13BF242CEF9E}"
EndProject
Project("{FAE04EC0-301F-11D3-BF4B-00C04F79EFBC}") = "TypeCasting", "TypeCasting\TypeCasting.csproj", "{BC930889-D7D0-4DB1-A42D-8818214EF822}"
EndProject
Project("{FAE04EC0-301F-11D3-BF4B-00C04F79EFBC}") = "UserInput", "UserInput\UserInput.csproj", "{256D7F03-503B-4F01-8D6F-1369285EF759}"
EndProject
Project("{FAE04EC0-301F-11D3-BF4B-00C04F79EFBC}") = "RandomNumbers", "RandomNumbers\RandomNumbers.csproj", "{4075BFD8-74D7-4320-B5CA-2502271FE8EA}"
EndProject
Project("{FAE04EC0-301F-11D3-BF4B-00C04F79EFBC}") = "CypotenuseCalc", "CypotenuseCalc\CypotenuseCalc.csproj", "{E1279DC9-AFFF-4C56-98BF-2604249FEC96}"
EndProject
Project("{FAE04EC0-301F-11D3-BF4B-00C04F79EFBC}") = "StringMethods", "StringMethods\StringMethods.csproj", "{CF565F13-CDE2-4191-9F1E-DB92878729CA}"
EndProject
Project("{FAE04EC0-301F-11D3-BF4B-00C04F79EFBC}") = "IfStatements", "IfStatements\IfStatements.csproj", "{E77C837F-583B-4A1D-926D-C6321250FA49}"
EndProject
Project("{FAE04EC0-301F-11D3-BF4B-00C04F79EFBC}") = "Switches", "Switches\Switches.csproj", "{81B9EA26-0542-4778-B35F-1C9F857A1416}"
EndProject
Project("{FAE04EC0-301F-11D3-BF4B-00C04F79EFBC}") = "LogicalOperators", "LogicalOperators\LogicalOperators.csproj", "{5AEB6117-C0DD-494B-8FF5-EC0F65EDD67F}"
EndProject
Project("{FAE04EC0-301F-11D3-BF4B-00C04F79EFBC}") = "WhileLoops", "WhileLoops\WhileLoops.csproj", "{52FE16C5-02C4-4C5C-9917-07BBA19523B8}"
EndProject
Project("{FAE04EC0-301F-11D3-BF4B-00C04F79EFBC}") = "GuessTheNumber", "GuessTheNumber\GuessTheNumber.csproj", "{D37481EE-1082-413E-B8B9-CC0AE7BB3294}"
EndProject
Project("{FAE04EC0-301F-11D3-BF4B-00C04F79EFBC}") = "ForLoops", "ForLoops\ForLoops.csproj", "{E6F05923-531F-4DAB-99FF-82EFFC2D14BD}"
EndProject
Project("{FAE04EC0-301F-11D3-BF4B-00C04F79EFBC}") = "NestedLoops", "NestedLoops\NestedLoops.csproj", "{5ADE2771-E125-4410-834E-2454FB9F57B2}"
EndProject
Project("{FAE04EC0-301F-11D3-BF4B-00C04F79EFBC}") = "RockPaperScissors", "RockPaperScissors\RockPaperScissors.csproj", "{C2C61712-1E8B-48C3-962E-EB8E7900A147}"
EndProject
Project("{FAE04EC0-301F-11D3-BF4B-00C04F79EFBC}") = "Calculator", "Calculator\Calculator.csproj", "{3E1394E5-FD19-44D1-ABBC-4D1A4E213660}"
EndProject
Project("{FAE04EC0-301F-11D3-BF4B-00C04F79EFBC}") = "Arrays", "Arrays\Arrays.csproj", "{7B67172B-38D1-479A-B2C7-3FE11B6ABD0E}"
EndProject
Project("{FAE04EC0-301F-11D3-BF4B-00C04F79EFBC}") = "Methods", "Methods\Methods.csproj", "{1A2A3620-5897-479D-9434-873DB37F4AE1}"
EndProject
Project("{FAE04EC0-301F-11D3-BF4B-00C04F79EFBC}") = "Retrun", "Retrun\Retrun.csproj", "{16BD8CE6-51CC-42DE-B2C6-13870D7F083A}"
EndProject
Project("{FAE04EC0-301F-11D3-BF4B-00C04F79EFBC}") = "Overloading", "Overloading\Overloading.csproj", "{641EC89B-8BD4-4349-B9CF-7E50A7E21058}"
EndProject
Project("{FAE04EC0-301F-11D3-BF4B-00C04F79EFBC}") = "params", "params\params.csproj", "{2F08FA48-C024-4779-AF54-D58505A03982}"
EndProject
Global
	GlobalSection(SolutionConfigurationPlatforms) = preSolution
		Debug|Any CPU = Debug|Any CPU
		Release|Any CPU = Release|Any CPU
	EndGlobalSection
	GlobalSection(ProjectConfigurationPlatforms) = postSolution
		{9885DF2D-790E-4E5C-AF08-D85E5E8BE507}.Debug|Any CPU.ActiveCfg = Debug|Any CPU
		{9885DF2D-790E-4E5C-AF08-D85E5E8BE507}.Debug|Any CPU.Build.0 = Debug|Any CPU
		{9885DF2D-790E-4E5C-AF08-D85E5E8BE507}.Release|Any CPU.ActiveCfg = Release|Any CPU
		{9885DF2D-790E-4E5C-AF08-D85E5E8BE507}.Release|Any CPU.Build.0 = Release|Any CPU
		{618B2D43-9519-4634-8AC5-13BF242CEF9E}.Debug|Any CPU.ActiveCfg = Debug|Any CPU
		{618B2D43-9519-4634-8AC5-13BF242CEF9E}.Debug|Any CPU.Build.0 = Debug|Any CPU
		{618B2D43-9519-4634-8AC5-13BF242CEF9E}.Release|Any CPU.ActiveCfg = Release|Any CPU
		{618B2D43-9519-4634-8AC5-13BF242CEF9E}.Release|Any CPU.Build.0 = Release|Any CPU
		{BC930889-D7D0-4DB1-A42D-8818214EF822}.Debug|Any CPU.ActiveCfg = Debug|Any CPU
		{BC930889-D7D0-4DB1-A42D-8818214EF822}.Debug|Any CPU.Build.0 = Debug|Any CPU
		{BC930889-D7D0-4DB1-A42D-8818214EF822}.Release|Any CPU.ActiveCfg = Release|Any CPU
		{BC930889-D7D0-4DB1-A42D-8818214EF822}.Release|Any CPU.Build.0 = Release|Any CPU
		{256D7F03-503B-4F01-8D6F-1369285EF759}.Debug|Any CPU.ActiveCfg = Debug|Any CPU
		{256D7F03-503B-4F01-8D6F-1369285EF759}.Debug|Any CPU.Build.0 = Debug|Any CPU
		{256D7F03-503B-4F01-8D6F-1369285EF759}.Release|Any CPU.ActiveCfg = Release|Any CPU
		{256D7F03-503B-4F01-8D6F-1369285EF759}.Release|Any CPU.Build.0 = Release|Any CPU
		{4075BFD8-74D7-4320-B5CA-2502271FE8EA}.Debug|Any CPU.ActiveCfg = Debug|Any CPU
		{4075BFD8-74D7-4320-B5CA-2502271FE8EA}.Debug|Any CPU.Build.0 = Debug|Any CPU
		{4075BFD8-74D7-4320-B5CA-2502271FE8EA}.Release|Any CPU.ActiveCfg = Release|Any CPU
		{4075BFD8-74D7-4320-B5CA-2502271FE8EA}.Release|Any CPU.Build.0 = Release|Any CPU
		{E1279DC9-AFFF-4C56-98BF-2604249FEC96}.Debug|Any CPU.ActiveCfg = Debug|Any CPU
		{E1279DC9-AFFF-4C56-98BF-2604249FEC96}.Debug|Any CPU.Build.0 = Debug|Any CPU
		{E1279DC9-AFFF-4C56-98BF-2604249FEC96}.Release|Any CPU.ActiveCfg = Release|Any CPU
		{E1279DC9-AFFF-4C56-98BF-2604249FEC96}.Release|Any CPU.Build.0 = Release|Any CPU
		{CF565F13-CDE2-4191-9F1E-DB92878729CA}.Debug|Any CPU.ActiveCfg = Debug|Any CPU
		{CF565F13-CDE2-4191-9F1E-DB92878729CA}.Debug|Any CPU.Build.0 = Debug|Any CPU
		{CF565F13-CDE2-4191-9F1E-DB92878729CA}.Release|Any CPU.ActiveCfg = Release|Any CPU
		{CF565F13-CDE2-4191-9F1E-DB92878729CA}.Release|Any CPU.Build.0 = Release|Any CPU
		{E77C837F-583B-4A1D-926D-C6321250FA49}.Debug|Any CPU.ActiveCfg = Debug|Any CPU
		{E77C837F-583B-4A1D-926D-C6321250FA49}.Debug|Any CPU.Build.0 = Debug|Any CPU
		{E77C837F-583B-4A1D-926D-C6321250FA49}.Release|Any CPU.ActiveCfg = Release|Any CPU
		{E77C837F-583B-4A1D-926D-C6321250FA49}.Release|Any CPU.Build.0 = Release|Any CPU
		{81B9EA26-0542-4778-B35F-1C9F857A1416}.Debug|Any CPU.ActiveCfg = Debug|Any CPU
		{81B9EA26-0542-4778-B35F-1C9F857A1416}.Debug|Any CPU.Build.0 = Debug|Any CPU
		{81B9EA26-0542-4778-B35F-1C9F857A1416}.Release|Any CPU.ActiveCfg = Release|Any CPU
		{81B9EA26-0542-4778-B35F-1C9F857A1416}.Release|Any CPU.Build.0 = Release|Any CPU
		{5AEB6117-C0DD-494B-8FF5-EC0F65EDD67F}.Debug|Any CPU.ActiveCfg = Debug|Any CPU
		{5AEB6117-C0DD-494B-8FF5-EC0F65EDD67F}.Debug|Any CPU.Build.0 = Debug|Any CPU
		{5AEB6117-C0DD-494B-8FF5-EC0F65EDD67F}.Release|Any CPU.ActiveCfg = Release|Any CPU
		{5AEB6117-C0DD-494B-8FF5-EC0F65EDD67F}.Release|Any CPU.Build.0 = Release|Any CPU
		{52FE16C5-02C4-4C5C-9917-07BBA19523B8}.Debug|Any CPU.ActiveCfg = Debug|Any CPU
		{52FE16C5-02C4-4C5C-9917-07BBA19523B8}.Debug|Any CPU.Build.0 = Debug|Any CPU
		{52FE16C5-02C4-4C5C-9917-07BBA19523B8}.Release|Any CPU.ActiveCfg = Release|Any CPU
		{52FE16C5-02C4-4C5C-9917-07BBA19523B8}.Release|Any CPU.Build.0 = Release|Any CPU
		{D37481EE-1082-413E-B8B9-CC0AE7BB3294}.Debug|Any CPU.ActiveCfg = Debug|Any CPU
		{D37481EE-1082-413E-B8B9-CC0AE7BB3294}.Debug|Any CPU.Build.0 = Debug|Any CPU
		{D37481EE-1082-413E-B8B9-CC0AE7BB3294}.Release|Any CPU.ActiveCfg = Release|Any CPU
		{D37481EE-1082-413E-B8B9-CC0AE7BB3294}.Release|Any CPU.Build.0 = Release|Any CPU
		{E6F05923-531F-4DAB-99FF-82EFFC2D14BD}.Debug|Any CPU.ActiveCfg = Debug|Any CPU
		{E6F05923-531F-4DAB-99FF-82EFFC2D14BD}.Debug|Any CPU.Build.0 = Debug|Any CPU
		{E6F05923-531F-4DAB-99FF-82EFFC2D14BD}.Release|Any CPU.ActiveCfg = Release|Any CPU
		{E6F05923-531F-4DAB-99FF-82EFFC2D14BD}.Release|Any CPU.Build.0 = Release|Any CPU
		{5ADE2771-E125-4410-834E-2454FB9F57B2}.Debug|Any CPU.ActiveCfg = Debug|Any CPU
		{5ADE2771-E125-4410-834E-2454FB9F57B2}.Debug|Any CPU.Build.0 = Debug|Any CPU
		{5ADE2771-E125-4410-834E-2454FB9F57B2}.Release|Any CPU.ActiveCfg = Release|Any CPU
		{5ADE2771-E125-4410-834E-2454FB9F57B2}.Release|Any CPU.Build.0 = Release|Any CPU
		{C2C61712-1E8B-48C3-962E-EB8E7900A147}.Debug|Any CPU.ActiveCfg = Debug|Any CPU
		{C2C61712-1E8B-48C3-962E-EB8E7900A147}.Debug|Any CPU.Build.0 = Debug|Any CPU
		{C2C61712-1E8B-48C3-962E-EB8E7900A147}.Release|Any CPU.ActiveCfg = Release|Any CPU
		{C2C61712-1E8B-48C3-962E-EB8E7900A147}.Release|Any CPU.Build.0 = Release|Any CPU
		{3E1394E5-FD19-44D1-ABBC-4D1A4E213660}.Debug|Any CPU.ActiveCfg = Debug|Any CPU
		{3E1394E5-FD19-44D1-ABBC-4D1A4E213660}.Debug|Any CPU.Build.0 = Debug|Any CPU
		{3E1394E5-FD19-44D1-ABBC-4D1A4E213660}.Release|Any CPU.ActiveCfg = Release|Any CPU
		{3E1394E5-FD19-44D1-ABBC-4D1A4E213660}.Release|Any CPU.Build.0 = Release|Any CPU
		{7B67172B-38D1-479A-B2C7-3FE11B6ABD0E}.Debug|Any CPU.ActiveCfg = Debug|Any CPU
		{7B67172B-38D1-479A-B2C7-3FE11B6ABD0E}.Debug|Any CPU.Build.0 = Debug|Any CPU
		{7B67172B-38D1-479A-B2C7-3FE11B6ABD0E}.Release|Any CPU.ActiveCfg = Release|Any CPU
		{7B67172B-38D1-479A-B2C7-3FE11B6ABD0E}.Release|Any CPU.Build.0 = Release|Any CPU
		{1A2A3620-5897-479D-9434-873DB37F4AE1}.Debug|Any CPU.ActiveCfg = Debug|Any CPU
		{1A2A3620-5897-479D-9434-873DB37F4AE1}.Debug|Any CPU.Build.0 = Debug|Any CPU
		{1A2A3620-5897-479D-9434-873DB37F4AE1}.Release|Any CPU.ActiveCfg = Release|Any CPU
		{1A2A3620-5897-479D-9434-873DB37F4AE1}.Release|Any CPU.Build.0 = Release|Any CPU
		{16BD8CE6-51CC-42DE-B2C6-13870D7F083A}.Debug|Any CPU.ActiveCfg = Debug|Any CPU
		{16BD8CE6-51CC-42DE-B2C6-13870D7F083A}.Debug|Any CPU.Build.0 = Debug|Any CPU
		{16BD8CE6-51CC-42DE-B2C6-13870D7F083A}.Release|Any CPU.ActiveCfg = Release|Any CPU
		{16BD8CE6-51CC-42DE-B2C6-13870D7F083A}.Release|Any CPU.Build.0 = Release|Any CPU
		{641EC89B-8BD4-4349-B9CF-7E50A7E21058}.Debug|Any CPU.ActiveCfg = Debug|Any CPU
		{641EC89B-8BD4-4349-B9CF-7E50A7E21058}.Debug|Any CPU.Build.0 = Debug|Any CPU
		{641EC89B-8BD4-4349-B9CF-7E50A7E21058}.Release|Any CPU.ActiveCfg = Release|Any CPU
		{641EC89B-8BD4-4349-B9CF-7E50A7E21058}.Release|Any CPU.Build.0 = Release|Any CPU
		{2F08FA48-C024-4779-AF54-D58505A03982}.Debug|Any CPU.ActiveCfg = Debug|Any CPU
		{2F08FA48-C024-4779-AF54-D58505A03982}.Debug|Any CPU.Build.0 = Debug|Any CPU
		{2F08FA48-C024-4779-AF54-D58505A03982}.Release|Any CPU.ActiveCfg = Release|Any CPU
		{2F08FA48-C024-4779-AF54-D58505A03982}.Release|Any CPU.Build.0 = Release|Any CPU
	EndGlobalSection
EndGlobal
